
Microsoft Visual Studio Solution File, Format Version 12.00
# Visual Studio Version 17
VisualStudioVersion = 17.4.33110.190
MinimumVisualStudioVersion = 10.0.40219.1
Project("{FAE04EC0-301F-11D3-BF4B-00C04F79EFBC}") = "AutoPlan", "AutoPlan\AutoPlan.csproj", "{46393BD5-1565-4A70-A2A6-9C96E92054F1}"
EndProject
Global
	GlobalSection(SolutionConfigurationPlatforms) = preSolution
		Debug|Any CPU = Debug|Any CPU
		Release|Any CPU = Release|Any CPU
	EndGlobalSection
	GlobalSection(ProjectConfigurationPlatforms) = postSolution
		{46393BD5-1565-4A70-A2A6-9C96E92054F1}.Debug|Any CPU.ActiveCfg = Debug|Any CPU
		{46393BD5-1565-4A70-A2A6-9C96E92054F1}.Debug|Any CPU.Build.0 = Debug|Any CPU
		{46393BD5-1565-4A70-A2A6-9C96E92054F1}.Release|Any CPU.ActiveCfg = Release|Any CPU
		{46393BD5-1565-4A70-A2A6-9C96E92054F1}.Release|Any CPU.Build.0 = Release|Any CPU
	EndGlobalSection
	GlobalSection(SolutionProperties) = preSolution
		HideSolutionNode = FALSE
	EndGlobalSection
	GlobalSection(ExtensibilityGlobals) = postSolution
		SolutionGuid = {BF4F1606-2F09-4145-9D12-9B6751848A3D}
	EndGlobalSection
EndGlobal
